
Microsoft Visual Studio Solution File, Format Version 12.00
# Visual Studio 15
VisualStudioVersion = 15.0.28307.757
MinimumVisualStudioVersion = 10.0.40219.1
Project("{9A19103F-16F7-4668-BE54-9A1E7A4F7556}") = "MovieStore", "MovieStore\MovieStore.csproj", "{A3B0825C-3675-4BCE-889D-CF1989B42C7E}"
EndProject
Project("{9A19103F-16F7-4668-BE54-9A1E7A4F7556}") = "TDDBasic", "TDDBasic\TDDBasic.csproj", "{D51C7433-DCF2-417D-808C-BD77E250752D}"
EndProject
Project("{9A19103F-16F7-4668-BE54-9A1E7A4F7556}") = "TDDBasic.Test", "TDDBasic.Test\TDDBasic.Test.csproj", "{BF7FD197-C41C-45CA-B7D6-6524BE3EC9BD}"
EndProject
Project("{FAE04EC0-301F-11D3-BF4B-00C04F79EFBC}") = "MovieStore.Test", "MovieStore.Test\MovieStore.Test.csproj", "{9E408C67-6F3A-47B3-AE8B-98C49BCB5D39}"
EndProject
Global
	GlobalSection(SolutionConfigurationPlatforms) = preSolution
		Debug|Any CPU = Debug|Any CPU
		Release|Any CPU = Release|Any CPU
	EndGlobalSection
	GlobalSection(ProjectConfigurationPlatforms) = postSolution
		{A3B0825C-3675-4BCE-889D-CF1989B42C7E}.Debug|Any CPU.ActiveCfg = Debug|Any CPU
		{A3B0825C-3675-4BCE-889D-CF1989B42C7E}.Debug|Any CPU.Build.0 = Debug|Any CPU
		{A3B0825C-3675-4BCE-889D-CF1989B42C7E}.Release|Any CPU.ActiveCfg = Release|Any CPU
		{A3B0825C-3675-4BCE-889D-CF1989B42C7E}.Release|Any CPU.Build.0 = Release|Any CPU
		{D51C7433-DCF2-417D-808C-BD77E250752D}.Debug|Any CPU.ActiveCfg = Debug|Any CPU
		{D51C7433-DCF2-417D-808C-BD77E250752D}.Debug|Any CPU.Build.0 = Debug|Any CPU
		{D51C7433-DCF2-417D-808C-BD77E250752D}.Release|Any CPU.ActiveCfg = Release|Any CPU
		{D51C7433-DCF2-417D-808C-BD77E250752D}.Release|Any CPU.Build.0 = Release|Any CPU
		{BF7FD197-C41C-45CA-B7D6-6524BE3EC9BD}.Debug|Any CPU.ActiveCfg = Debug|Any CPU
		{BF7FD197-C41C-45CA-B7D6-6524BE3EC9BD}.Debug|Any CPU.Build.0 = Debug|Any CPU
		{BF7FD197-C41C-45CA-B7D6-6524BE3EC9BD}.Release|Any CPU.ActiveCfg = Release|Any CPU
		{BF7FD197-C41C-45CA-B7D6-6524BE3EC9BD}.Release|Any CPU.Build.0 = Release|Any CPU
		{9E408C67-6F3A-47B3-AE8B-98C49BCB5D39}.Debug|Any CPU.ActiveCfg = Debug|Any CPU
		{9E408C67-6F3A-47B3-AE8B-98C49BCB5D39}.Debug|Any CPU.Build.0 = Debug|Any CPU
		{9E408C67-6F3A-47B3-AE8B-98C49BCB5D39}.Release|Any CPU.ActiveCfg = Release|Any CPU
		{9E408C67-6F3A-47B3-AE8B-98C49BCB5D39}.Release|Any CPU.Build.0 = Release|Any CPU
	EndGlobalSection
	GlobalSection(SolutionProperties) = preSolution
		HideSolutionNode = FALSE
	EndGlobalSection
	GlobalSection(ExtensibilityGlobals) = postSolution
		SolutionGuid = {184857F7-BA6A-447E-840F-030B5B396AA7}
	EndGlobalSection
EndGlobal
